// !$*UTF8*$!
{
	archiveVersion = 1;
	classes = {
	};
	objectVersion = 50;
	objects = {

/* Begin PBXBuildFile section */
		A44B638E26505CFE000C8F3E /* AppDelegate.swift in Sources */ = {isa = PBXBuildFile; fileRef = A44B638D26505CFE000C8F3E /* AppDelegate.swift */; };
		A44B639026505CFE000C8F3E /* SceneDelegate.swift in Sources */ = {isa = PBXBuildFile; fileRef = A44B638F26505CFE000C8F3E /* SceneDelegate.swift */; };
		A44B639226505CFE000C8F3E /* ViewController.swift in Sources */ = {isa = PBXBuildFile; fileRef = A44B639126505CFE000C8F3E /* ViewController.swift */; };
		A44B639526505CFE000C8F3E /* Main.storyboard in Resources */ = {isa = PBXBuildFile; fileRef = A44B639326505CFE000C8F3E /* Main.storyboard */; };
		A44B639826505CFE000C8F3E /* ArtBookProject.xcdatamodeld in Sources */ = {isa = PBXBuildFile; fileRef = A44B639626505CFE000C8F3E /* ArtBookProject.xcdatamodeld */; };
		A44B639A26505D00000C8F3E /* Assets.xcassets in Resources */ = {isa = PBXBuildFile; fileRef = A44B639926505D00000C8F3E /* Assets.xcassets */; };
		A44B639D26505D00000C8F3E /* LaunchScreen.storyboard in Resources */ = {isa = PBXBuildFile; fileRef = A44B639B26505D00000C8F3E /* LaunchScreen.storyboard */; };
		A44B63A92650613E000C8F3E /* DetailsVC.swift in Sources */ = {isa = PBXBuildFile; fileRef = A44B63A82650613E000C8F3E /* DetailsVC.swift */; };
/* End PBXBuildFile section */

/* Begin PBXFileReference section */
		A44B638A26505CFE000C8F3E /* ArtBookProject.app */ = {isa = PBXFileReference; explicitFileType = wrapper.application; includeInIndex = 0; path = ArtBookProject.app; sourceTree = BUILT_PRODUCTS_DIR; };
		A44B638D26505CFE000C8F3E /* AppDelegate.swift */ = {isa = PBXFileReference; lastKnownFileType = sourcecode.swift; path = AppDelegate.swift; sourceTree = "<group>"; };
		A44B638F26505CFE000C8F3E /* SceneDelegate.swift */ = {isa = PBXFileReference; lastKnownFileType = sourcecode.swift; path = SceneDelegate.swift; sourceTree = "<group>"; };
		A44B639126505CFE000C8F3E /* ViewController.swift */ = {isa = PBXFileReference; lastKnownFileType = sourcecode.swift; path = ViewController.swift; sourceTree = "<group>"; };
		A44B639426505CFE000C8F3E /* Base */ = {isa = PBXFileReference; lastKnownFileType = file.storyboard; name = Base; path = Base.lproj/Main.storyboard; sourceTree = "<group>"; };
		A44B639726505CFE000C8F3E /* ArtBookProject.xcdatamodel */ = {isa = PBXFileReference; lastKnownFileType = wrapper.xcdatamodel; path = ArtBookProject.xcdatamodel; sourceTree = "<group>"; };
		A44B639926505D00000C8F3E /* Assets.xcassets */ = {isa = PBXFileReference; lastKnownFileType = folder.assetcatalog; path = Assets.xcassets; sourceTree = "<group>"; };
		A44B639C26505D00000C8F3E /* Base */ = {isa = PBXFileReference; lastKnownFileType = file.storyboard; name = Base; path = Base.lproj/LaunchScreen.storyboard; sourceTree = "<group>"; };
		A44B639E26505D00000C8F3E /* Info.plist */ = {isa = PBXFileReference; lastKnownFileType = text.plist.xml; path = Info.plist; sourceTree = "<group>"; };
		A44B63A82650613E000C8F3E /* DetailsVC.swift */ = {isa = PBXFileReference; lastKnownFileType = sourcecode.swift; path = DetailsVC.swift; sourceTree = "<group>"; };
/* End PBXFileReference section */

/* Begin PBXFrameworksBuildPhase section */
		A44B638726505CFE000C8F3E /* Frameworks */ = {
			isa = PBXFrameworksBuildPhase;
			buildActionMask = 2147483647;
			files = (
			);
			runOnlyForDeploymentPostprocessing = 0;
		};
/* End PBXFrameworksBuildPhase section */

/* Begin PBXGroup section */
		A44B638126505CFE000C8F3E = {
			isa = PBXGroup;
			children = (
				A44B638C26505CFE000C8F3E /* ArtBookProject */,
				A44B638B26505CFE000C8F3E /* Products */,
			);
			sourceTree = "<group>";
		};
		A44B638B26505CFE000C8F3E /* Products */ = {
			isa = PBXGroup;
			children = (
				A44B638A26505CFE000C8F3E /* ArtBookProject.app */,
			);
			name = Products;
			sourceTree = "<group>";
		};
		A44B638C26505CFE000C8F3E /* ArtBookProject */ = {
			isa = PBXGroup;
			children = (
				A44B63A726505DD9000C8F3E /* Core */,
				A44B63A626505DD1000C8F3E /* Controller */,
				A44B63A526505DCB000C8F3E /* View */,
				A44B63A426505DC4000C8F3E /* Model */,
				A44B639E26505D00000C8F3E /* Info.plist */,
			);
			path = ArtBookProject;
			sourceTree = "<group>";
		};
		A44B63A426505DC4000C8F3E /* Model */ = {
			isa = PBXGroup;
			children = (
			);
			path = Model;
			sourceTree = "<group>";
		};
		A44B63A526505DCB000C8F3E /* View */ = {
			isa = PBXGroup;
			children = (
				A44B639B26505D00000C8F3E /* LaunchScreen.storyboard */,
				A44B639326505CFE000C8F3E /* Main.storyboard */,
			);
			path = View;
			sourceTree = "<group>";
		};
		A44B63A626505DD1000C8F3E /* Controller */ = {
			isa = PBXGroup;
			children = (
				A44B639126505CFE000C8F3E /* ViewController.swift */,
				A44B63A82650613E000C8F3E /* DetailsVC.swift */,
			);
			path = Controller;
			sourceTree = "<group>";
		};
		A44B63A726505DD9000C8F3E /* Core */ = {
			isa = PBXGroup;
			children = (
				A44B638F26505CFE000C8F3E /* SceneDelegate.swift */,
				A44B638D26505CFE000C8F3E /* AppDelegate.swift */,
				A44B639926505D00000C8F3E /* Assets.xcassets */,
				A44B639626505CFE000C8F3E /* ArtBookProject.xcdatamodeld */,
			);
			path = Core;
			sourceTree = "<group>";
		};
/* End PBXGroup section */

/* Begin PBXNativeTarget section */
		A44B638926505CFE000C8F3E /* ArtBookProject */ = {
			isa = PBXNativeTarget;
			buildConfigurationList = A44B63A126505D00000C8F3E /* Build configuration list for PBXNativeTarget "ArtBookProject" */;
			buildPhases = (
				A44B638626505CFE000C8F3E /* Sources */,
				A44B638726505CFE000C8F3E /* Frameworks */,
				A44B638826505CFE000C8F3E /* Resources */,
			);
			buildRules = (
			);
			dependencies = (
			);
			name = ArtBookProject;
			productName = ArtBookProject;
			productReference = A44B638A26505CFE000C8F3E /* ArtBookProject.app */;
			productType = "com.apple.product-type.application";
		};
/* End PBXNativeTarget section */

/* Begin PBXProject section */
		A44B638226505CFE000C8F3E /* Project object */ = {
			isa = PBXProject;
			attributes = {
				LastSwiftUpdateCheck = 1250;
				LastUpgradeCheck = 1250;
				TargetAttributes = {
					A44B638926505CFE000C8F3E = {
						CreatedOnToolsVersion = 12.5;
					};
				};
			};
			buildConfigurationList = A44B638526505CFE000C8F3E /* Build configuration list for PBXProject "ArtBookProject" */;
			compatibilityVersion = "Xcode 9.3";
			developmentRegion = en;
			hasScannedForEncodings = 0;
			knownRegions = (
				en,
				Base,
			);
			mainGroup = A44B638126505CFE000C8F3E;
			productRefGroup = A44B638B26505CFE000C8F3E /* Products */;
			projectDirPath = "";
			projectRoot = "";
			targets = (
				A44B638926505CFE000C8F3E /* ArtBookProject */,
			);
		};
/* End PBXProject section */

/* Begin PBXResourcesBuildPhase section */
		A44B638826505CFE000C8F3E /* Resources */ = {
			isa = PBXResourcesBuildPhase;
			buildActionMask = 2147483647;
			files = (
				A44B639D26505D00000C8F3E /* LaunchScreen.storyboard in Resources */,
				A44B639A26505D00000C8F3E /* Assets.xcassets in Resources */,
				A44B639526505CFE000C8F3E /* Main.storyboard in Resources */,
			);
			runOnlyForDeploymentPostprocessing = 0;
		};
/* End PBXResourcesBuildPhase section */

/* Begin PBXSourcesBuildPhase section */
		A44B638626505CFE000C8F3E /* Sources */ = {
			isa = PBXSourcesBuildPhase;
			buildActionMask = 2147483647;
			files = (
				A44B639826505CFE000C8F3E /* ArtBookProject.xcdatamodeld in Sources */,
				A44B639226505CFE000C8F3E /* ViewController.swift in Sources */,
				A44B638E26505CFE000C8F3E /* AppDelegate.swift in Sources */,
				A44B639026505CFE000C8F3E /* SceneDelegate.swift in Sources */,
				A44B63A92650613E000C8F3E /* DetailsVC.swift in Sources */,
			);
			runOnlyForDeploymentPostprocessing = 0;
		};
/* End PBXSourcesBuildPhase section */

/* Begin PBXVariantGroup section */
		A44B639326505CFE000C8F3E /* Main.storyboard */ = {
			isa = PBXVariantGroup;
			children = (
				A44B639426505CFE000C8F3E /* Base */,
			);
			name = Main.storyboard;
			sourceTree = "<group>";
		};
		A44B639B26505D00000C8F3E /* LaunchScreen.storyboard */ = {
			isa = PBXVariantGroup;
			children = (
				A44B639C26505D00000C8F3E /* Base */,
			);
			name = LaunchScreen.storyboard;
			sourceTree = "<group>";
		};
/* End PBXVariantGroup section */

/* Begin XCBuildConfiguration section */
		A44B639F26505D00000C8F3E /* Debug */ = {
			isa = XCBuildConfiguration;
			buildSettings = {
				ALWAYS_SEARCH_USER_PATHS = NO;
				CLANG_ANALYZER_NONNULL = YES;
				CLANG_ANALYZER_NUMBER_OBJECT_CONVERSION = YES_AGGRESSIVE;
				CLANG_CXX_LANGUAGE_STANDARD = "gnu++14";
				CLANG_CXX_LIBRARY = "libc++";
				CLANG_ENABLE_MODULES = YES;
				CLANG_ENABLE_OBJC_ARC = YES;
				CLANG_ENABLE_OBJC_WEAK = YES;
				CLANG_WARN_BLOCK_CAPTURE_AUTORELEASING = YES;
				CLANG_WARN_BOOL_CONVERSION = YES;
				CLANG_WARN_COMMA = YES;
				CLANG_WARN_CONSTANT_CONVERSION = YES;
				CLANG_WARN_DEPRECATED_OBJC_IMPLEMENTATIONS = YES;
				CLANG_WARN_DIRECT_OBJC_ISA_USAGE = YES_ERROR;
				CLANG_WARN_DOCUMENTATION_COMMENTS = YES;
				CLANG_WARN_EMPTY_BODY = YES;
				CLANG_WARN_ENUM_CONVERSION = YES;
				CLANG_WARN_INFINITE_RECURSION = YES;
				CLANG_WARN_INT_CONVERSION = YES;
				CLANG_WARN_NON_LITERAL_NULL_CONVERSION = YES;
				CLANG_WARN_OBJC_IMPLICIT_RETAIN_SELF = YES;
				CLANG_WARN_OBJC_LITERAL_CONVERSION = YES;
				CLANG_WARN_OBJC_ROOT_CLASS = YES_ERROR;
				CLANG_WARN_QUOTED_INCLUDE_IN_FRAMEWORK_HEADER = YES;
				CLANG_WARN_RANGE_LOOP_ANALYSIS = YES;
				CLANG_WARN_STRICT_PROTOTYPES = YES;
				CLANG_WARN_SUSPICIOUS_MOVE = YES;
				CLANG_WARN_UNGUARDED_AVAILABILITY = YES_AGGRESSIVE;
				CLANG_WARN_UNREACHABLE_CODE = YES;
				CLANG_WARN__DUPLICATE_METHOD_MATCH = YES;
				COPY_PHASE_STRIP = NO;
				DEBUG_INFORMATION_FORMAT = dwarf;
				ENABLE_STRICT_OBJC_MSGSEND = YES;
				ENABLE_TESTABILITY = YES;
				GCC_C_LANGUAGE_STANDARD = gnu11;
				GCC_DYNAMIC_NO_PIC = NO;
				GCC_NO_COMMON_BLOCKS = YES;
				GCC_OPTIMIZATION_LEVEL = 0;
				GCC_PREPROCESSOR_DEFINITIONS = (
					"DEBUG=1",
					"$(inherited)",
				);
				GCC_WARN_64_TO_32_BIT_CONVERSION = YES;
				GCC_WARN_ABOUT_RETURN_TYPE = YES_ERROR;
				GCC_WARN_UNDECLARED_SELECTOR = YES;
				GCC_WARN_UNINITIALIZED_AUTOS = YES_AGGRESSIVE;
				GCC_WARN_UNUSED_FUNCTION = YES;
				GCC_WARN_UNUSED_VARIABLE = YES;
				IPHONEOS_DEPLOYMENT_TARGET = 14.5;
				MTL_ENABLE_DEBUG_INFO = INCLUDE_SOURCE;
				MTL_FAST_MATH = YES;
				ONLY_ACTIVE_ARCH = YES;
				SDKROOT = iphoneos;
				SWIFT_ACTIVE_COMPILATION_CONDITIONS = DEBUG;
				SWIFT_OPTIMIZATION_LEVEL = "-Onone";
			};
			name = Debug;
		};
		A44B63A026505D00000C8F3E /* Release */ = {
			isa = XCBuildConfiguration;
			buildSettings = {
				ALWAYS_SEARCH_USER_PATHS = NO;
				CLANG_ANALYZER_NONNULL = YES;
				CLANG_ANALYZER_NUMBER_OBJECT_CONVERSION = YES_AGGRESSIVE;
				CLANG_CXX_LANGUAGE_STANDARD = "gnu++14";
				CLANG_CXX_LIBRARY = "libc++";
				CLANG_ENABLE_MODULES = YES;
				CLANG_ENABLE_OBJC_ARC = YES;
				CLANG_ENABLE_OBJC_WEAK = YES;
				CLANG_WARN_BLOCK_CAPTURE_AUTORELEASING = YES;
				CLANG_WARN_BOOL_CONVERSION = YES;
				CLANG_WARN_COMMA = YES;
				CLANG_WARN_CONSTANT_CONVERSION = YES;
				CLANG_WARN_DEPRECATED_OBJC_IMPLEMENTATIONS = YES;
				CLANG_WARN_DIRECT_OBJC_ISA_USAGE = YES_ERROR;
				CLANG_WARN_DOCUMENTATION_COMMENTS = YES;
				CLANG_WARN_EMPTY_BODY = YES;
				CLANG_WARN_ENUM_CONVERSION = YES;
				CLANG_WARN_INFINITE_RECURSION = YES;
				CLANG_WARN_INT_CONVERSION = YES;
				CLANG_WARN_NON_LITERAL_NULL_CONVERSION = YES;
				CLANG_WARN_OBJC_IMPLICIT_RETAIN_SELF = YES;
				CLANG_WARN_OBJC_LITERAL_CONVERSION = YES;
				CLANG_WARN_OBJC_ROOT_CLASS = YES_ERROR;
				CLANG_WARN_QUOTED_INCLUDE_IN_FRAMEWORK_HEADER = YES;
				CLANG_WARN_RANGE_LOOP_ANALYSIS = YES;
				CLANG_WARN_STRICT_PROTOTYPES = YES;
				CLANG_WARN_SUSPICIOUS_MOVE = YES;
				CLANG_WARN_UNGUARDED_AVAILABILITY = YES_AGGRESSIVE;
				CLANG_WARN_UNREACHABLE_CODE = YES;
				CLANG_WARN__DUPLICATE_METHOD_MATCH = YES;
				COPY_PHASE_STRIP = NO;
				DEBUG_INFORMATION_FORMAT = "dwarf-with-dsym";
				ENABLE_NS_ASSERTIONS = NO;
				ENABLE_STRICT_OBJC_MSGSEND = YES;
				GCC_C_LANGUAGE_STANDARD = gnu11;
				GCC_NO_COMMON_BLOCKS = YES;
				GCC_WARN_64_TO_32_BIT_CONVERSION = YES;
				GCC_WARN_ABOUT_RETURN_TYPE = YES_ERROR;
				GCC_WARN_UNDECLARED_SELECTOR = YES;
				GCC_WARN_UNINITIALIZED_AUTOS = YES_AGGRESSIVE;
				GCC_WARN_UNUSED_FUNCTION = YES;
				GCC_WARN_UNUSED_VARIABLE = YES;
				IPHONEOS_DEPLOYMENT_TARGET = 14.5;
				MTL_ENABLE_DEBUG_INFO = NO;
				MTL_FAST_MATH = YES;
				SDKROOT = iphoneos;
				SWIFT_COMPILATION_MODE = wholemodule;
				SWIFT_OPTIMIZATION_LEVEL = "-O";
				VALIDATE_PRODUCT = YES;
			};
			name = Release;
		};
		A44B63A226505D00000C8F3E /* Debug */ = {
			isa = XCBuildConfiguration;
			buildSettings = {
				ASSETCATALOG_COMPILER_APPICON_NAME = AppIcon;
				ASSETCATALOG_COMPILER_GLOBAL_ACCENT_COLOR_NAME = AccentColor;
				CODE_SIGN_STYLE = Automatic;
				DEVELOPMENT_TEAM = 23Y7SRN8RG;
				INFOPLIST_FILE = ArtBookProject/Info.plist;
				LD_RUNPATH_SEARCH_PATHS = (
					"$(inherited)",
					"@executable_path/Frameworks",
				);
				PRODUCT_BUNDLE_IDENTIFIER = nafi.ArtBookProject;
				PRODUCT_NAME = "$(TARGET_NAME)";
				SWIFT_VERSION = 5.0;
				TARGETED_DEVICE_FAMILY = "1,2";
			};
			name = Debug;
		};
		A44B63A326505D00000C8F3E /* Release */ = {
			isa = XCBuildConfiguration;
			buildSettings = {
				ASSETCATALOG_COMPILER_APPICON_NAME = AppIcon;
				ASSETCATALOG_COMPILER_GLOBAL_ACCENT_COLOR_NAME = AccentColor;
				CODE_SIGN_STYLE = Automatic;
				DEVELOPMENT_TEAM = 23Y7SRN8RG;
				INFOPLIST_FILE = ArtBookProject/Info.plist;
				LD_RUNPATH_SEARCH_PATHS = (
					"$(inherited)",
					"@executable_path/Frameworks",
				);
				PRODUCT_BUNDLE_IDENTIFIER = nafi.ArtBookProject;
				PRODUCT_NAME = "$(TARGET_NAME)";
				SWIFT_VERSION = 5.0;
				TARGETED_DEVICE_FAMILY = "1,2";
			};
			name = Release;
		};
/* End XCBuildConfiguration section */

/* Begin XCConfigurationList section */
		A44B638526505CFE000C8F3E /* Build configuration list for PBXProject "ArtBookProject" */ = {
			isa = XCConfigurationList;
			buildConfigurations = (
				A44B639F26505D00000C8F3E /* Debug */,
				A44B63A026505D00000C8F3E /* Release */,
			);
			defaultConfigurationIsVisible = 0;
			defaultConfigurationName = Release;
		};
		A44B63A126505D00000C8F3E /* Build configuration list for PBXNativeTarget "ArtBookProject" */ = {
			isa = XCConfigurationList;
			buildConfigurations = (
				A44B63A226505D00000C8F3E /* Debug */,
				A44B63A326505D00000C8F3E /* Release */,
			);
			defaultConfigurationIsVisible = 0;
			defaultConfigurationName = Release;
		};
/* End XCConfigurationList section */

/* Begin XCVersionGroup section */
		A44B639626505CFE000C8F3E /* ArtBookProject.xcdatamodeld */ = {
			isa = XCVersionGroup;
			children = (
				A44B639726505CFE000C8F3E /* ArtBookProject.xcdatamodel */,
			);
			currentVersion = A44B639726505CFE000C8F3E /* ArtBookProject.xcdatamodel */;
			path = ArtBookProject.xcdatamodeld;
			sourceTree = "<group>";
			versionGroupType = wrapper.xcdatamodel;
		};
/* End XCVersionGroup section */
	};
	rootObject = A44B638226505CFE000C8F3E /* Project object */;
}
