// !$*UTF8*$!
{
	archiveVersion = 1;
	classes = {
	};
	objectVersion = 50;
	objects = {

/* Begin PBXBuildFile section */
		A4B21D19265BCACA00838D90 /* AppDelegate.swift in Sources */ = {isa = PBXBuildFile; fileRef = A4B21D18265BCACA00838D90 /* AppDelegate.swift */; };
		A4B21D1B265BCACA00838D90 /* SceneDelegate.swift in Sources */ = {isa = PBXBuildFile; fileRef = A4B21D1A265BCACA00838D90 /* SceneDelegate.swift */; };
		A4B21D1D265BCACA00838D90 /* ViewController.swift in Sources */ = {isa = PBXBuildFile; fileRef = A4B21D1C265BCACA00838D90 /* ViewController.swift */; };
		A4B21D20265BCACA00838D90 /* Main.storyboard in Resources */ = {isa = PBXBuildFile; fileRef = A4B21D1E265BCACA00838D90 /* Main.storyboard */; };
		A4B21D23265BCACA00838D90 /* CurrencyConverter.xcdatamodeld in Sources */ = {isa = PBXBuildFile; fileRef = A4B21D21265BCACA00838D90 /* CurrencyConverter.xcdatamodeld */; };
		A4B21D25265BCACC00838D90 /* Assets.xcassets in Resources */ = {isa = PBXBuildFile; fileRef = A4B21D24265BCACC00838D90 /* Assets.xcassets */; };
		A4B21D28265BCACC00838D90 /* LaunchScreen.storyboard in Resources */ = {isa = PBXBuildFile; fileRef = A4B21D26265BCACC00838D90 /* LaunchScreen.storyboard */; };
		A4D1AEB8265D86C600954E77 /* NetworkConstant.swift in Sources */ = {isa = PBXBuildFile; fileRef = A4D1AEB7265D86C600954E77 /* NetworkConstant.swift */; };
/* End PBXBuildFile section */

/* Begin PBXFileReference section */
		A4B21D15265BCACA00838D90 /* CurrencyConverter.app */ = {isa = PBXFileReference; explicitFileType = wrapper.application; includeInIndex = 0; path = CurrencyConverter.app; sourceTree = BUILT_PRODUCTS_DIR; };
		A4B21D18265BCACA00838D90 /* AppDelegate.swift */ = {isa = PBXFileReference; lastKnownFileType = sourcecode.swift; path = AppDelegate.swift; sourceTree = "<group>"; };
		A4B21D1A265BCACA00838D90 /* SceneDelegate.swift */ = {isa = PBXFileReference; lastKnownFileType = sourcecode.swift; path = SceneDelegate.swift; sourceTree = "<group>"; };
		A4B21D1C265BCACA00838D90 /* ViewController.swift */ = {isa = PBXFileReference; lastKnownFileType = sourcecode.swift; path = ViewController.swift; sourceTree = "<group>"; };
		A4B21D1F265BCACA00838D90 /* Base */ = {isa = PBXFileReference; lastKnownFileType = file.storyboard; name = Base; path = Base.lproj/Main.storyboard; sourceTree = "<group>"; };
		A4B21D22265BCACA00838D90 /* CurrencyConverter.xcdatamodel */ = {isa = PBXFileReference; lastKnownFileType = wrapper.xcdatamodel; path = CurrencyConverter.xcdatamodel; sourceTree = "<group>"; };
		A4B21D24265BCACC00838D90 /* Assets.xcassets */ = {isa = PBXFileReference; lastKnownFileType = folder.assetcatalog; path = Assets.xcassets; sourceTree = "<group>"; };
		A4B21D27265BCACC00838D90 /* Base */ = {isa = PBXFileReference; lastKnownFileType = file.storyboard; name = Base; path = Base.lproj/LaunchScreen.storyboard; sourceTree = "<group>"; };
		A4B21D29265BCACC00838D90 /* Info.plist */ = {isa = PBXFileReference; lastKnownFileType = text.plist.xml; path = Info.plist; sourceTree = "<group>"; };
		A4D1AEB7265D86C600954E77 /* NetworkConstant.swift */ = {isa = PBXFileReference; lastKnownFileType = sourcecode.swift; path = NetworkConstant.swift; sourceTree = "<group>"; };
/* End PBXFileReference section */

/* Begin PBXFrameworksBuildPhase section */
		A4B21D12265BCACA00838D90 /* Frameworks */ = {
			isa = PBXFrameworksBuildPhase;
			buildActionMask = 2147483647;
			files = (
			);
			runOnlyForDeploymentPostprocessing = 0;
		};
/* End PBXFrameworksBuildPhase section */

/* Begin PBXGroup section */
		A442A7472666E1550008898F /* Model */ = {
			isa = PBXGroup;
			children = (
			);
			path = Model;
			sourceTree = "<group>";
		};
		A442A7482666E15C0008898F /* View */ = {
			isa = PBXGroup;
			children = (
				A4B21D1E265BCACA00838D90 /* Main.storyboard */,
			);
			path = View;
			sourceTree = "<group>";
		};
		A442A7492666E1640008898F /* Controller */ = {
			isa = PBXGroup;
			children = (
				A4B21D1C265BCACA00838D90 /* ViewController.swift */,
			);
			path = Controller;
			sourceTree = "<group>";
		};
		A442A74A2666E1710008898F /* Core */ = {
			isa = PBXGroup;
			children = (
				A4B21D18265BCACA00838D90 /* AppDelegate.swift */,
				A4B21D1A265BCACA00838D90 /* SceneDelegate.swift */,
				A4B21D24265BCACC00838D90 /* Assets.xcassets */,
			);
			path = Core;
			sourceTree = "<group>";
		};
		A4B21D0C265BCACA00838D90 = {
			isa = PBXGroup;
			children = (
				A4B21D17265BCACA00838D90 /* CurrencyConverter */,
				A4B21D16265BCACA00838D90 /* Products */,
			);
			sourceTree = "<group>";
		};
		A4B21D16265BCACA00838D90 /* Products */ = {
			isa = PBXGroup;
			children = (
				A4B21D15265BCACA00838D90 /* CurrencyConverter.app */,
			);
			name = Products;
			sourceTree = "<group>";
		};
		A4B21D17265BCACA00838D90 /* CurrencyConverter */ = {
			isa = PBXGroup;
			children = (
				A442A74A2666E1710008898F /* Core */,
				A442A7492666E1640008898F /* Controller */,
				A442A7482666E15C0008898F /* View */,
				A442A7472666E1550008898F /* Model */,
				A4D1AEB9265D86DB00954E77 /* Constant */,
				A4B21D26265BCACC00838D90 /* LaunchScreen.storyboard */,
				A4B21D29265BCACC00838D90 /* Info.plist */,
				A4B21D21265BCACA00838D90 /* CurrencyConverter.xcdatamodeld */,
			);
			path = CurrencyConverter;
			sourceTree = "<group>";
		};
		A4D1AEB9265D86DB00954E77 /* Constant */ = {
			isa = PBXGroup;
			children = (
				A4D1AEB7265D86C600954E77 /* NetworkConstant.swift */,
			);
			path = Constant;
			sourceTree = "<group>";
		};
/* End PBXGroup section */

/* Begin PBXNativeTarget section */
		A4B21D14265BCACA00838D90 /* CurrencyConverter */ = {
			isa = PBXNativeTarget;
			buildConfigurationList = A4B21D2C265BCACC00838D90 /* Build configuration list for PBXNativeTarget "CurrencyConverter" */;
			buildPhases = (
				A4B21D11265BCACA00838D90 /* Sources */,
				A4B21D12265BCACA00838D90 /* Frameworks */,
				A4B21D13265BCACA00838D90 /* Resources */,
			);
			buildRules = (
			);
			dependencies = (
			);
			name = CurrencyConverter;
			productName = CurrencyConverter;
			productReference = A4B21D15265BCACA00838D90 /* CurrencyConverter.app */;
			productType = "com.apple.product-type.application";
		};
/* End PBXNativeTarget section */

/* Begin PBXProject section */
		A4B21D0D265BCACA00838D90 /* Project object */ = {
			isa = PBXProject;
			attributes = {
				LastSwiftUpdateCheck = 1250;
				LastUpgradeCheck = 1250;
				TargetAttributes = {
					A4B21D14265BCACA00838D90 = {
						CreatedOnToolsVersion = 12.5;
					};
				};
			};
			buildConfigurationList = A4B21D10265BCACA00838D90 /* Build configuration list for PBXProject "CurrencyConverter" */;
			compatibilityVersion = "Xcode 9.3";
			developmentRegion = en;
			hasScannedForEncodings = 0;
			knownRegions = (
				en,
				Base,
			);
			mainGroup = A4B21D0C265BCACA00838D90;
			productRefGroup = A4B21D16265BCACA00838D90 /* Products */;
			projectDirPath = "";
			projectRoot = "";
			targets = (
				A4B21D14265BCACA00838D90 /* CurrencyConverter */,
			);
		};
/* End PBXProject section */

/* Begin PBXResourcesBuildPhase section */
		A4B21D13265BCACA00838D90 /* Resources */ = {
			isa = PBXResourcesBuildPhase;
			buildActionMask = 2147483647;
			files = (
				A4B21D28265BCACC00838D90 /* LaunchScreen.storyboard in Resources */,
				A4B21D25265BCACC00838D90 /* Assets.xcassets in Resources */,
				A4B21D20265BCACA00838D90 /* Main.storyboard in Resources */,
			);
			runOnlyForDeploymentPostprocessing = 0;
		};
/* End PBXResourcesBuildPhase section */

/* Begin PBXSourcesBuildPhase section */
		A4B21D11265BCACA00838D90 /* Sources */ = {
			isa = PBXSourcesBuildPhase;
			buildActionMask = 2147483647;
			files = (
				A4B21D1D265BCACA00838D90 /* ViewController.swift in Sources */,
				A4B21D23265BCACA00838D90 /* CurrencyConverter.xcdatamodeld in Sources */,
				A4B21D19265BCACA00838D90 /* AppDelegate.swift in Sources */,
				A4D1AEB8265D86C600954E77 /* NetworkConstant.swift in Sources */,
				A4B21D1B265BCACA00838D90 /* SceneDelegate.swift in Sources */,
			);
			runOnlyForDeploymentPostprocessing = 0;
		};
/* End PBXSourcesBuildPhase section */

/* Begin PBXVariantGroup section */
		A4B21D1E265BCACA00838D90 /* Main.storyboard */ = {
			isa = PBXVariantGroup;
			children = (
				A4B21D1F265BCACA00838D90 /* Base */,
			);
			name = Main.storyboard;
			sourceTree = "<group>";
		};
		A4B21D26265BCACC00838D90 /* LaunchScreen.storyboard */ = {
			isa = PBXVariantGroup;
			children = (
				A4B21D27265BCACC00838D90 /* Base */,
			);
			name = LaunchScreen.storyboard;
			sourceTree = "<group>";
		};
/* End PBXVariantGroup section */

/* Begin XCBuildConfiguration section */
		A4B21D2A265BCACC00838D90 /* Debug */ = {
			isa = XCBuildConfiguration;
			buildSettings = {
				ALWAYS_SEARCH_USER_PATHS = NO;
				CLANG_ANALYZER_NONNULL = YES;
				CLANG_ANALYZER_NUMBER_OBJECT_CONVERSION = YES_AGGRESSIVE;
				CLANG_CXX_LANGUAGE_STANDARD = "gnu++14";
				CLANG_CXX_LIBRARY = "libc++";
				CLANG_ENABLE_MODULES = YES;
				CLANG_ENABLE_OBJC_ARC = YES;
				CLANG_ENABLE_OBJC_WEAK = YES;
				CLANG_WARN_BLOCK_CAPTURE_AUTORELEASING = YES;
				CLANG_WARN_BOOL_CONVERSION = YES;
				CLANG_WARN_COMMA = YES;
				CLANG_WARN_CONSTANT_CONVERSION = YES;
				CLANG_WARN_DEPRECATED_OBJC_IMPLEMENTATIONS = YES;
				CLANG_WARN_DIRECT_OBJC_ISA_USAGE = YES_ERROR;
				CLANG_WARN_DOCUMENTATION_COMMENTS = YES;
				CLANG_WARN_EMPTY_BODY = YES;
				CLANG_WARN_ENUM_CONVERSION = YES;
				CLANG_WARN_INFINITE_RECURSION = YES;
				CLANG_WARN_INT_CONVERSION = YES;
				CLANG_WARN_NON_LITERAL_NULL_CONVERSION = YES;
				CLANG_WARN_OBJC_IMPLICIT_RETAIN_SELF = YES;
				CLANG_WARN_OBJC_LITERAL_CONVERSION = YES;
				CLANG_WARN_OBJC_ROOT_CLASS = YES_ERROR;
				CLANG_WARN_QUOTED_INCLUDE_IN_FRAMEWORK_HEADER = YES;
				CLANG_WARN_RANGE_LOOP_ANALYSIS = YES;
				CLANG_WARN_STRICT_PROTOTYPES = YES;
				CLANG_WARN_SUSPICIOUS_MOVE = YES;
				CLANG_WARN_UNGUARDED_AVAILABILITY = YES_AGGRESSIVE;
				CLANG_WARN_UNREACHABLE_CODE = YES;
				CLANG_WARN__DUPLICATE_METHOD_MATCH = YES;
				COPY_PHASE_STRIP = NO;
				DEBUG_INFORMATION_FORMAT = dwarf;
				ENABLE_STRICT_OBJC_MSGSEND = YES;
				ENABLE_TESTABILITY = YES;
				GCC_C_LANGUAGE_STANDARD = gnu11;
				GCC_DYNAMIC_NO_PIC = NO;
				GCC_NO_COMMON_BLOCKS = YES;
				GCC_OPTIMIZATION_LEVEL = 0;
				GCC_PREPROCESSOR_DEFINITIONS = (
					"DEBUG=1",
					"$(inherited)",
				);
				GCC_WARN_64_TO_32_BIT_CONVERSION = YES;
				GCC_WARN_ABOUT_RETURN_TYPE = YES_ERROR;
				GCC_WARN_UNDECLARED_SELECTOR = YES;
				GCC_WARN_UNINITIALIZED_AUTOS = YES_AGGRESSIVE;
				GCC_WARN_UNUSED_FUNCTION = YES;
				GCC_WARN_UNUSED_VARIABLE = YES;
				IPHONEOS_DEPLOYMENT_TARGET = 14.5;
				MTL_ENABLE_DEBUG_INFO = INCLUDE_SOURCE;
				MTL_FAST_MATH = YES;
				ONLY_ACTIVE_ARCH = YES;
				SDKROOT = iphoneos;
				SWIFT_ACTIVE_COMPILATION_CONDITIONS = DEBUG;
				SWIFT_OPTIMIZATION_LEVEL = "-Onone";
			};
			name = Debug;
		};
		A4B21D2B265BCACC00838D90 /* Release */ = {
			isa = XCBuildConfiguration;
			buildSettings = {
				ALWAYS_SEARCH_USER_PATHS = NO;
				CLANG_ANALYZER_NONNULL = YES;
				CLANG_ANALYZER_NUMBER_OBJECT_CONVERSION = YES_AGGRESSIVE;
				CLANG_CXX_LANGUAGE_STANDARD = "gnu++14";
				CLANG_CXX_LIBRARY = "libc++";
				CLANG_ENABLE_MODULES = YES;
				CLANG_ENABLE_OBJC_ARC = YES;
				CLANG_ENABLE_OBJC_WEAK = YES;
				CLANG_WARN_BLOCK_CAPTURE_AUTORELEASING = YES;
				CLANG_WARN_BOOL_CONVERSION = YES;
				CLANG_WARN_COMMA = YES;
				CLANG_WARN_CONSTANT_CONVERSION = YES;
				CLANG_WARN_DEPRECATED_OBJC_IMPLEMENTATIONS = YES;
				CLANG_WARN_DIRECT_OBJC_ISA_USAGE = YES_ERROR;
				CLANG_WARN_DOCUMENTATION_COMMENTS = YES;
				CLANG_WARN_EMPTY_BODY = YES;
				CLANG_WARN_ENUM_CONVERSION = YES;
				CLANG_WARN_INFINITE_RECURSION = YES;
				CLANG_WARN_INT_CONVERSION = YES;
				CLANG_WARN_NON_LITERAL_NULL_CONVERSION = YES;
				CLANG_WARN_OBJC_IMPLICIT_RETAIN_SELF = YES;
				CLANG_WARN_OBJC_LITERAL_CONVERSION = YES;
				CLANG_WARN_OBJC_ROOT_CLASS = YES_ERROR;
				CLANG_WARN_QUOTED_INCLUDE_IN_FRAMEWORK_HEADER = YES;
				CLANG_WARN_RANGE_LOOP_ANALYSIS = YES;
				CLANG_WARN_STRICT_PROTOTYPES = YES;
				CLANG_WARN_SUSPICIOUS_MOVE = YES;
				CLANG_WARN_UNGUARDED_AVAILABILITY = YES_AGGRESSIVE;
				CLANG_WARN_UNREACHABLE_CODE = YES;
				CLANG_WARN__DUPLICATE_METHOD_MATCH = YES;
				COPY_PHASE_STRIP = NO;
				DEBUG_INFORMATION_FORMAT = "dwarf-with-dsym";
				ENABLE_NS_ASSERTIONS = NO;
				ENABLE_STRICT_OBJC_MSGSEND = YES;
				GCC_C_LANGUAGE_STANDARD = gnu11;
				GCC_NO_COMMON_BLOCKS = YES;
				GCC_WARN_64_TO_32_BIT_CONVERSION = YES;
				GCC_WARN_ABOUT_RETURN_TYPE = YES_ERROR;
				GCC_WARN_UNDECLARED_SELECTOR = YES;
				GCC_WARN_UNINITIALIZED_AUTOS = YES_AGGRESSIVE;
				GCC_WARN_UNUSED_FUNCTION = YES;
				GCC_WARN_UNUSED_VARIABLE = YES;
				IPHONEOS_DEPLOYMENT_TARGET = 14.5;
				MTL_ENABLE_DEBUG_INFO = NO;
				MTL_FAST_MATH = YES;
				SDKROOT = iphoneos;
				SWIFT_COMPILATION_MODE = wholemodule;
				SWIFT_OPTIMIZATION_LEVEL = "-O";
				VALIDATE_PRODUCT = YES;
			};
			name = Release;
		};
		A4B21D2D265BCACC00838D90 /* Debug */ = {
			isa = XCBuildConfiguration;
			buildSettings = {
				ASSETCATALOG_COMPILER_APPICON_NAME = AppIcon;
				ASSETCATALOG_COMPILER_GLOBAL_ACCENT_COLOR_NAME = AccentColor;
				CODE_SIGN_STYLE = Automatic;
				DEVELOPMENT_TEAM = 23Y7SRN8RG;
				INFOPLIST_FILE = CurrencyConverter/Info.plist;
				LD_RUNPATH_SEARCH_PATHS = (
					"$(inherited)",
					"@executable_path/Frameworks",
				);
				PRODUCT_BUNDLE_IDENTIFIER = nafi.CurrencyConverter;
				PRODUCT_NAME = "$(TARGET_NAME)";
				SWIFT_VERSION = 5.0;
				TARGETED_DEVICE_FAMILY = "1,2";
			};
			name = Debug;
		};
		A4B21D2E265BCACC00838D90 /* Release */ = {
			isa = XCBuildConfiguration;
			buildSettings = {
				ASSETCATALOG_COMPILER_APPICON_NAME = AppIcon;
				ASSETCATALOG_COMPILER_GLOBAL_ACCENT_COLOR_NAME = AccentColor;
				CODE_SIGN_STYLE = Automatic;
				DEVELOPMENT_TEAM = 23Y7SRN8RG;
				INFOPLIST_FILE = CurrencyConverter/Info.plist;
				LD_RUNPATH_SEARCH_PATHS = (
					"$(inherited)",
					"@executable_path/Frameworks",
				);
				PRODUCT_BUNDLE_IDENTIFIER = nafi.CurrencyConverter;
				PRODUCT_NAME = "$(TARGET_NAME)";
				SWIFT_VERSION = 5.0;
				TARGETED_DEVICE_FAMILY = "1,2";
			};
			name = Release;
		};
/* End XCBuildConfiguration section */

/* Begin XCConfigurationList section */
		A4B21D10265BCACA00838D90 /* Build configuration list for PBXProject "CurrencyConverter" */ = {
			isa = XCConfigurationList;
			buildConfigurations = (
				A4B21D2A265BCACC00838D90 /* Debug */,
				A4B21D2B265BCACC00838D90 /* Release */,
			);
			defaultConfigurationIsVisible = 0;
			defaultConfigurationName = Release;
		};
		A4B21D2C265BCACC00838D90 /* Build configuration list for PBXNativeTarget "CurrencyConverter" */ = {
			isa = XCConfigurationList;
			buildConfigurations = (
				A4B21D2D265BCACC00838D90 /* Debug */,
				A4B21D2E265BCACC00838D90 /* Release */,
			);
			defaultConfigurationIsVisible = 0;
			defaultConfigurationName = Release;
		};
/* End XCConfigurationList section */

/* Begin XCVersionGroup section */
		A4B21D21265BCACA00838D90 /* CurrencyConverter.xcdatamodeld */ = {
			isa = XCVersionGroup;
			children = (
				A4B21D22265BCACA00838D90 /* CurrencyConverter.xcdatamodel */,
			);
			currentVersion = A4B21D22265BCACA00838D90 /* CurrencyConverter.xcdatamodel */;
			path = CurrencyConverter.xcdatamodeld;
			sourceTree = "<group>";
			versionGroupType = wrapper.xcdatamodel;
		};
/* End XCVersionGroup section */
	};
	rootObject = A4B21D0D265BCACA00838D90 /* Project object */;
}
